
Microsoft Visual Studio Solution File, Format Version 12.00
# Visual Studio Version 17
VisualStudioVersion = 17.14.36804.6
MinimumVisualStudioVersion = 10.0.40219.1
Project("{FAE04EC0-301F-11D3-BF4B-00C04F79EFBC}") = "SmartPlanner", "SmartPlanner\SmartPlanner.csproj", "{ED7AEBEB-E9F4-4264-8180-7D504F1EEAA0}"
EndProject
Project("{54A90642-561A-4BB1-A94E-469ADEE60C69}") = "frontendplanner", "FrontendPlanner\frontendplanner.esproj", "{D088AD56-9EBB-B8E9-44C6-81CB4F1EDB67}"
EndProject
Project("{E53339B2-1760-4266-BCC7-CA923CBCF16C}") = "docker-compose", "docker-compose.dcproj", "{81DDED9D-158B-E303-5F62-77A2896D2A5A}"
EndProject
Global
	GlobalSection(SolutionConfigurationPlatforms) = preSolution
		Debug|Any CPU = Debug|Any CPU
		Release|Any CPU = Release|Any CPU
	EndGlobalSection
	GlobalSection(ProjectConfigurationPlatforms) = postSolution
		{ED7AEBEB-E9F4-4264-8180-7D504F1EEAA0}.Debug|Any CPU.ActiveCfg = Debug|Any CPU
		{ED7AEBEB-E9F4-4264-8180-7D504F1EEAA0}.Debug|Any CPU.Build.0 = Debug|Any CPU
		{ED7AEBEB-E9F4-4264-8180-7D504F1EEAA0}.Release|Any CPU.ActiveCfg = Release|Any CPU
		{ED7AEBEB-E9F4-4264-8180-7D504F1EEAA0}.Release|Any CPU.Build.0 = Release|Any CPU
		{D088AD56-9EBB-B8E9-44C6-81CB4F1EDB67}.Debug|Any CPU.ActiveCfg = Debug|Any CPU
		{D088AD56-9EBB-B8E9-44C6-81CB4F1EDB67}.Debug|Any CPU.Build.0 = Debug|Any CPU
		{D088AD56-9EBB-B8E9-44C6-81CB4F1EDB67}.Debug|Any CPU.Deploy.0 = Debug|Any CPU
		{D088AD56-9EBB-B8E9-44C6-81CB4F1EDB67}.Release|Any CPU.ActiveCfg = Release|Any CPU
		{D088AD56-9EBB-B8E9-44C6-81CB4F1EDB67}.Release|Any CPU.Build.0 = Release|Any CPU
		{D088AD56-9EBB-B8E9-44C6-81CB4F1EDB67}.Release|Any CPU.Deploy.0 = Release|Any CPU
		{81DDED9D-158B-E303-5F62-77A2896D2A5A}.Debug|Any CPU.ActiveCfg = Debug|Any CPU
		{81DDED9D-158B-E303-5F62-77A2896D2A5A}.Debug|Any CPU.Build.0 = Debug|Any CPU
		{81DDED9D-158B-E303-5F62-77A2896D2A5A}.Release|Any CPU.ActiveCfg = Release|Any CPU
		{81DDED9D-158B-E303-5F62-77A2896D2A5A}.Release|Any CPU.Build.0 = Release|Any CPU
	EndGlobalSection
	GlobalSection(SolutionProperties) = preSolution
		HideSolutionNode = FALSE
	EndGlobalSection
	GlobalSection(ExtensibilityGlobals) = postSolution
		SolutionGuid = {DA341451-FFA0-47CB-BCFE-F6568432D269}
	EndGlobalSection
EndGlobal
